
Microsoft Visual Studio Solution File, Format Version 12.00
# Visual Studio Version 16
VisualStudioVersion = 16.0.29728.190
MinimumVisualStudioVersion = 10.0.40219.1
Project("{9A19103F-16F7-4668-BE54-9A1E7A4F7556}") = "Exception", "Exception.csproj", "{DE1423C3-D770-4EC6-B785-AFA7084446D1}"
EndProject
Global
	GlobalSection(SolutionConfigurationPlatforms) = preSolution
		Debug|Any CPU = Debug|Any CPU
		Release|Any CPU = Release|Any CPU
	EndGlobalSection
	GlobalSection(ProjectConfigurationPlatforms) = postSolution
		{DE1423C3-D770-4EC6-B785-AFA7084446D1}.Debug|Any CPU.ActiveCfg = Debug|Any CPU
		{DE1423C3-D770-4EC6-B785-AFA7084446D1}.Debug|Any CPU.Build.0 = Debug|Any CPU
		{DE1423C3-D770-4EC6-B785-AFA7084446D1}.Release|Any CPU.ActiveCfg = Release|Any CPU
		{DE1423C3-D770-4EC6-B785-AFA7084446D1}.Release|Any CPU.Build.0 = Release|Any CPU
	EndGlobalSection
	GlobalSection(SolutionProperties) = preSolution
		HideSolutionNode = FALSE
	EndGlobalSection
	GlobalSection(ExtensibilityGlobals) = postSolution
		SolutionGuid = {2D0F2312-DC5F-4FC5-ABCA-1A88A3C9CCCD}
	EndGlobalSection
EndGlobal
